
Microsoft Visual Studio Solution File, Format Version 12.00
# Visual Studio Version 17
VisualStudioVersion = 17.2.32616.157
MinimumVisualStudioVersion = 10.0.40219.1
Project("{FAE04EC0-301F-11D3-BF4B-00C04F79EFBC}") = "ExpClassandObjects", "ExpClassandObjects.csproj", "{0A9059FE-4033-4876-8194-F65157904A26}"
EndProject
Global
	GlobalSection(SolutionConfigurationPlatforms) = preSolution
		Debug|Any CPU = Debug|Any CPU
		Release|Any CPU = Release|Any CPU
	EndGlobalSection
	GlobalSection(ProjectConfigurationPlatforms) = postSolution
		{0A9059FE-4033-4876-8194-F65157904A26}.Debug|Any CPU.ActiveCfg = Debug|Any CPU
		{0A9059FE-4033-4876-8194-F65157904A26}.Debug|Any CPU.Build.0 = Debug|Any CPU
		{0A9059FE-4033-4876-8194-F65157904A26}.Release|Any CPU.ActiveCfg = Release|Any CPU
		{0A9059FE-4033-4876-8194-F65157904A26}.Release|Any CPU.Build.0 = Release|Any CPU
	EndGlobalSection
	GlobalSection(SolutionProperties) = preSolution
		HideSolutionNode = FALSE
	EndGlobalSection
	GlobalSection(ExtensibilityGlobals) = postSolution
		SolutionGuid = {C1A8EE3F-0911-4D35-84E5-50E45A2DD534}
	EndGlobalSection
EndGlobal
