
Microsoft Visual Studio Solution File, Format Version 12.00
# Visual Studio Version 17
VisualStudioVersion = 17.2.32616.157
MinimumVisualStudioVersion = 10.0.40219.1
Project("{FAE04EC0-301F-11D3-BF4B-00C04F79EFBC}") = "ExpSwitchCase", "ExpSwitchCase.csproj", "{17E47CB9-1BB6-4375-A69E-97BD571B9C95}"
EndProject
Global
	GlobalSection(SolutionConfigurationPlatforms) = preSolution
		Debug|Any CPU = Debug|Any CPU
		Release|Any CPU = Release|Any CPU
	EndGlobalSection
	GlobalSection(ProjectConfigurationPlatforms) = postSolution
		{17E47CB9-1BB6-4375-A69E-97BD571B9C95}.Debug|Any CPU.ActiveCfg = Debug|Any CPU
		{17E47CB9-1BB6-4375-A69E-97BD571B9C95}.Debug|Any CPU.Build.0 = Debug|Any CPU
		{17E47CB9-1BB6-4375-A69E-97BD571B9C95}.Release|Any CPU.ActiveCfg = Release|Any CPU
		{17E47CB9-1BB6-4375-A69E-97BD571B9C95}.Release|Any CPU.Build.0 = Release|Any CPU
	EndGlobalSection
	GlobalSection(SolutionProperties) = preSolution
		HideSolutionNode = FALSE
	EndGlobalSection
	GlobalSection(ExtensibilityGlobals) = postSolution
		SolutionGuid = {DC67E28B-0DD8-44F2-9A59-4D88F64B5A4F}
	EndGlobalSection
EndGlobal
