
Microsoft Visual Studio Solution File, Format Version 12.00
# Visual Studio Version 17
VisualStudioVersion = 17.3.32819.101
MinimumVisualStudioVersion = 10.0.40219.1
Project("{FAE04EC0-301F-11D3-BF4B-00C04F79EFBC}") = "ExpClassandObjects3", "ExpClassandObjects3.csproj", "{9C7D8621-F10C-47AF-B758-BD873DE5F5CD}"
EndProject
Global
	GlobalSection(SolutionConfigurationPlatforms) = preSolution
		Debug|Any CPU = Debug|Any CPU
		Release|Any CPU = Release|Any CPU
	EndGlobalSection
	GlobalSection(ProjectConfigurationPlatforms) = postSolution
		{9C7D8621-F10C-47AF-B758-BD873DE5F5CD}.Debug|Any CPU.ActiveCfg = Debug|Any CPU
		{9C7D8621-F10C-47AF-B758-BD873DE5F5CD}.Debug|Any CPU.Build.0 = Debug|Any CPU
		{9C7D8621-F10C-47AF-B758-BD873DE5F5CD}.Release|Any CPU.ActiveCfg = Release|Any CPU
		{9C7D8621-F10C-47AF-B758-BD873DE5F5CD}.Release|Any CPU.Build.0 = Release|Any CPU
	EndGlobalSection
	GlobalSection(SolutionProperties) = preSolution
		HideSolutionNode = FALSE
	EndGlobalSection
	GlobalSection(ExtensibilityGlobals) = postSolution
		SolutionGuid = {079E7DD4-8812-443E-8B19-F2F32C93CE20}
	EndGlobalSection
EndGlobal
